// !$*UTF8*$!
{
	archiveVersion = 1;
	classes = {
	};
	objectVersion = 50;
	objects = {

/* Begin PBXBuildFile section */
		6EFBA3D923FBF1D300FDB16F /* AppDelegate.swift in Sources */ = {isa = PBXBuildFile; fileRef = 6EFBA3D823FBF1D300FDB16F /* AppDelegate.swift */; };
		6EFBA3DB23FBF1D300FDB16F /* SceneDelegate.swift in Sources */ = {isa = PBXBuildFile; fileRef = 6EFBA3DA23FBF1D300FDB16F /* SceneDelegate.swift */; };
		6EFBA3DD23FBF1D300FDB16F /* ViewController.swift in Sources */ = {isa = PBXBuildFile; fileRef = 6EFBA3DC23FBF1D300FDB16F /* ViewController.swift */; };
		6EFBA3E023FBF1D300FDB16F /* Main.storyboard in Resources */ = {isa = PBXBuildFile; fileRef = 6EFBA3DE23FBF1D300FDB16F /* Main.storyboard */; };
		6EFBA3E223FBF1D500FDB16F /* Assets.xcassets in Resources */ = {isa = PBXBuildFile; fileRef = 6EFBA3E123FBF1D500FDB16F /* Assets.xcassets */; };
		6EFBA3E523FBF1D500FDB16F /* LaunchScreen.storyboard in Resources */ = {isa = PBXBuildFile; fileRef = 6EFBA3E323FBF1D500FDB16F /* LaunchScreen.storyboard */; };
		6EFBA3ED23FBF76100FDB16F /* ViewController2.swift in Sources */ = {isa = PBXBuildFile; fileRef = 6EFBA3EC23FBF76100FDB16F /* ViewController2.swift */; };
/* End PBXBuildFile section */

/* Begin PBXFileReference section */
		6EFBA3D523FBF1D300FDB16F /* Move_screen_by_dragging.app */ = {isa = PBXFileReference; explicitFileType = wrapper.application; includeInIndex = 0; path = Move_screen_by_dragging.app; sourceTree = BUILT_PRODUCTS_DIR; };
		6EFBA3D823FBF1D300FDB16F /* AppDelegate.swift */ = {isa = PBXFileReference; lastKnownFileType = sourcecode.swift; path = AppDelegate.swift; sourceTree = "<group>"; };
		6EFBA3DA23FBF1D300FDB16F /* SceneDelegate.swift */ = {isa = PBXFileReference; lastKnownFileType = sourcecode.swift; path = SceneDelegate.swift; sourceTree = "<group>"; };
		6EFBA3DC23FBF1D300FDB16F /* ViewController.swift */ = {isa = PBXFileReference; lastKnownFileType = sourcecode.swift; path = ViewController.swift; sourceTree = "<group>"; };
		6EFBA3DF23FBF1D300FDB16F /* Base */ = {isa = PBXFileReference; lastKnownFileType = file.storyboard; name = Base; path = Base.lproj/Main.storyboard; sourceTree = "<group>"; };
		6EFBA3E123FBF1D500FDB16F /* Assets.xcassets */ = {isa = PBXFileReference; lastKnownFileType = folder.assetcatalog; path = Assets.xcassets; sourceTree = "<group>"; };
		6EFBA3E423FBF1D500FDB16F /* Base */ = {isa = PBXFileReference; lastKnownFileType = file.storyboard; name = Base; path = Base.lproj/LaunchScreen.storyboard; sourceTree = "<group>"; };
		6EFBA3E623FBF1D500FDB16F /* Info.plist */ = {isa = PBXFileReference; lastKnownFileType = text.plist.xml; path = Info.plist; sourceTree = "<group>"; };
		6EFBA3EC23FBF76100FDB16F /* ViewController2.swift */ = {isa = PBXFileReference; lastKnownFileType = sourcecode.swift; path = ViewController2.swift; sourceTree = "<group>"; };
/* End PBXFileReference section */

/* Begin PBXFrameworksBuildPhase section */
		6EFBA3D223FBF1D300FDB16F /* Frameworks */ = {
			isa = PBXFrameworksBuildPhase;
			buildActionMask = 2147483647;
			files = (
			);
			runOnlyForDeploymentPostprocessing = 0;
		};
/* End PBXFrameworksBuildPhase section */

/* Begin PBXGroup section */
		6EFBA3CC23FBF1D300FDB16F = {
			isa = PBXGroup;
			children = (
				6EFBA3D723FBF1D300FDB16F /* Move_screen_by_dragging */,
				6EFBA3D623FBF1D300FDB16F /* Products */,
			);
			sourceTree = "<group>";
		};
		6EFBA3D623FBF1D300FDB16F /* Products */ = {
			isa = PBXGroup;
			children = (
				6EFBA3D523FBF1D300FDB16F /* Move_screen_by_dragging.app */,
			);
			name = Products;
			sourceTree = "<group>";
		};
		6EFBA3D723FBF1D300FDB16F /* Move_screen_by_dragging */ = {
			isa = PBXGroup;
			children = (
				6EFBA3D823FBF1D300FDB16F /* AppDelegate.swift */,
				6EFBA3DA23FBF1D300FDB16F /* SceneDelegate.swift */,
				6EFBA3DC23FBF1D300FDB16F /* ViewController.swift */,
				6EFBA3DE23FBF1D300FDB16F /* Main.storyboard */,
				6EFBA3EC23FBF76100FDB16F /* ViewController2.swift */,
				6EFBA3E123FBF1D500FDB16F /* Assets.xcassets */,
				6EFBA3E323FBF1D500FDB16F /* LaunchScreen.storyboard */,
				6EFBA3E623FBF1D500FDB16F /* Info.plist */,
			);
			path = Move_screen_by_dragging;
			sourceTree = "<group>";
		};
/* End PBXGroup section */

/* Begin PBXNativeTarget section */
		6EFBA3D423FBF1D300FDB16F /* Move_screen_by_dragging */ = {
			isa = PBXNativeTarget;
			buildConfigurationList = 6EFBA3E923FBF1D500FDB16F /* Build configuration list for PBXNativeTarget "Move_screen_by_dragging" */;
			buildPhases = (
				6EFBA3D123FBF1D300FDB16F /* Sources */,
				6EFBA3D223FBF1D300FDB16F /* Frameworks */,
				6EFBA3D323FBF1D300FDB16F /* Resources */,
			);
			buildRules = (
			);
			dependencies = (
			);
			name = Move_screen_by_dragging;
			productName = Move_screen_by_dragging;
			productReference = 6EFBA3D523FBF1D300FDB16F /* Move_screen_by_dragging.app */;
			productType = "com.apple.product-type.application";
		};
/* End PBXNativeTarget section */

/* Begin PBXProject section */
		6EFBA3CD23FBF1D300FDB16F /* Project object */ = {
			isa = PBXProject;
			attributes = {
				LastSwiftUpdateCheck = 1130;
				LastUpgradeCheck = 1130;
				ORGANIZATIONNAME = "Khoa Nguyen";
				TargetAttributes = {
					6EFBA3D423FBF1D300FDB16F = {
						CreatedOnToolsVersion = 11.3.1;
					};
				};
			};
			buildConfigurationList = 6EFBA3D023FBF1D300FDB16F /* Build configuration list for PBXProject "Move_screen_by_dragging" */;
			compatibilityVersion = "Xcode 9.3";
			developmentRegion = en;
			hasScannedForEncodings = 0;
			knownRegions = (
				en,
				Base,
			);
			mainGroup = 6EFBA3CC23FBF1D300FDB16F;
			productRefGroup = 6EFBA3D623FBF1D300FDB16F /* Products */;
			projectDirPath = "";
			projectRoot = "";
			targets = (
				6EFBA3D423FBF1D300FDB16F /* Move_screen_by_dragging */,
			);
		};
/* End PBXProject section */

/* Begin PBXResourcesBuildPhase section */
		6EFBA3D323FBF1D300FDB16F /* Resources */ = {
			isa = PBXResourcesBuildPhase;
			buildActionMask = 2147483647;
			files = (
				6EFBA3E523FBF1D500FDB16F /* LaunchScreen.storyboard in Resources */,
				6EFBA3E223FBF1D500FDB16F /* Assets.xcassets in Resources */,
				6EFBA3E023FBF1D300FDB16F /* Main.storyboard in Resources */,
			);
			runOnlyForDeploymentPostprocessing = 0;
		};
/* End PBXResourcesBuildPhase section */

/* Begin PBXSourcesBuildPhase section */
		6EFBA3D123FBF1D300FDB16F /* Sources */ = {
			isa = PBXSourcesBuildPhase;
			buildActionMask = 2147483647;
			files = (
				6EFBA3DD23FBF1D300FDB16F /* ViewController.swift in Sources */,
				6EFBA3ED23FBF76100FDB16F /* ViewController2.swift in Sources */,
				6EFBA3D923FBF1D300FDB16F /* AppDelegate.swift in Sources */,
				6EFBA3DB23FBF1D300FDB16F /* SceneDelegate.swift in Sources */,
			);
			runOnlyForDeploymentPostprocessing = 0;
		};
/* End PBXSourcesBuildPhase section */

/* Begin PBXVariantGroup section */
		6EFBA3DE23FBF1D300FDB16F /* Main.storyboard */ = {
			isa = PBXVariantGroup;
			children = (
				6EFBA3DF23FBF1D300FDB16F /* Base */,
			);
			name = Main.storyboard;
			sourceTree = "<group>";
		};
		6EFBA3E323FBF1D500FDB16F /* LaunchScreen.storyboard */ = {
			isa = PBXVariantGroup;
			children = (
				6EFBA3E423FBF1D500FDB16F /* Base */,
			);
			name = LaunchScreen.storyboard;
			sourceTree = "<group>";
		};
/* End PBXVariantGroup section */

/* Begin XCBuildConfiguration section */
		6EFBA3E723FBF1D500FDB16F /* Debug */ = {
			isa = XCBuildConfiguration;
			buildSettings = {
				ALWAYS_SEARCH_USER_PATHS = NO;
				CLANG_ANALYZER_NONNULL = YES;
				CLANG_ANALYZER_NUMBER_OBJECT_CONVERSION = YES_AGGRESSIVE;
				CLANG_CXX_LANGUAGE_STANDARD = "gnu++14";
				CLANG_CXX_LIBRARY = "libc++";
				CLANG_ENABLE_MODULES = YES;
				CLANG_ENABLE_OBJC_ARC = YES;
				CLANG_ENABLE_OBJC_WEAK = YES;
				CLANG_WARN_BLOCK_CAPTURE_AUTORELEASING = YES;
				CLANG_WARN_BOOL_CONVERSION = YES;
				CLANG_WARN_COMMA = YES;
				CLANG_WARN_CONSTANT_CONVERSION = YES;
				CLANG_WARN_DEPRECATED_OBJC_IMPLEMENTATIONS = YES;
				CLANG_WARN_DIRECT_OBJC_ISA_USAGE = YES_ERROR;
				CLANG_WARN_DOCUMENTATION_COMMENTS = YES;
				CLANG_WARN_EMPTY_BODY = YES;
				CLANG_WARN_ENUM_CONVERSION = YES;
				CLANG_WARN_INFINITE_RECURSION = YES;
				CLANG_WARN_INT_CONVERSION = YES;
				CLANG_WARN_NON_LITERAL_NULL_CONVERSION = YES;
				CLANG_WARN_OBJC_IMPLICIT_RETAIN_SELF = YES;
				CLANG_WARN_OBJC_LITERAL_CONVERSION = YES;
				CLANG_WARN_OBJC_ROOT_CLASS = YES_ERROR;
				CLANG_WARN_RANGE_LOOP_ANALYSIS = YES;
				CLANG_WARN_STRICT_PROTOTYPES = YES;
				CLANG_WARN_SUSPICIOUS_MOVE = YES;
				CLANG_WARN_UNGUARDED_AVAILABILITY = YES_AGGRESSIVE;
				CLANG_WARN_UNREACHABLE_CODE = YES;
				CLANG_WARN__DUPLICATE_METHOD_MATCH = YES;
				COPY_PHASE_STRIP = NO;
				DEBUG_INFORMATION_FORMAT = dwarf;
				ENABLE_STRICT_OBJC_MSGSEND = YES;
				ENABLE_TESTABILITY = YES;
				GCC_C_LANGUAGE_STANDARD = gnu11;
				GCC_DYNAMIC_NO_PIC = NO;
				GCC_NO_COMMON_BLOCKS = YES;
				GCC_OPTIMIZATION_LEVEL = 0;
				GCC_PREPROCESSOR_DEFINITIONS = (
					"DEBUG=1",
					"$(inherited)",
				);
				GCC_WARN_64_TO_32_BIT_CONVERSION = YES;
				GCC_WARN_ABOUT_RETURN_TYPE = YES_ERROR;
				GCC_WARN_UNDECLARED_SELECTOR = YES;
				GCC_WARN_UNINITIALIZED_AUTOS = YES_AGGRESSIVE;
				GCC_WARN_UNUSED_FUNCTION = YES;
				GCC_WARN_UNUSED_VARIABLE = YES;
				IPHONEOS_DEPLOYMENT_TARGET = 13.2;
				MTL_ENABLE_DEBUG_INFO = INCLUDE_SOURCE;
				MTL_FAST_MATH = YES;
				ONLY_ACTIVE_ARCH = YES;
				SDKROOT = iphoneos;
				SWIFT_ACTIVE_COMPILATION_CONDITIONS = DEBUG;
				SWIFT_OPTIMIZATION_LEVEL = "-Onone";
			};
			name = Debug;
		};
		6EFBA3E823FBF1D500FDB16F /* Release */ = {
			isa = XCBuildConfiguration;
			buildSettings = {
				ALWAYS_SEARCH_USER_PATHS = NO;
				CLANG_ANALYZER_NONNULL = YES;
				CLANG_ANALYZER_NUMBER_OBJECT_CONVERSION = YES_AGGRESSIVE;
				CLANG_CXX_LANGUAGE_STANDARD = "gnu++14";
				CLANG_CXX_LIBRARY = "libc++";
				CLANG_ENABLE_MODULES = YES;
				CLANG_ENABLE_OBJC_ARC = YES;
				CLANG_ENABLE_OBJC_WEAK = YES;
				CLANG_WARN_BLOCK_CAPTURE_AUTORELEASING = YES;
				CLANG_WARN_BOOL_CONVERSION = YES;
				CLANG_WARN_COMMA = YES;
				CLANG_WARN_CONSTANT_CONVERSION = YES;
				CLANG_WARN_DEPRECATED_OBJC_IMPLEMENTATIONS = YES;
				CLANG_WARN_DIRECT_OBJC_ISA_USAGE = YES_ERROR;
				CLANG_WARN_DOCUMENTATION_COMMENTS = YES;
				CLANG_WARN_EMPTY_BODY = YES;
				CLANG_WARN_ENUM_CONVERSION = YES;
				CLANG_WARN_INFINITE_RECURSION = YES;
				CLANG_WARN_INT_CONVERSION = YES;
				CLANG_WARN_NON_LITERAL_NULL_CONVERSION = YES;
				CLANG_WARN_OBJC_IMPLICIT_RETAIN_SELF = YES;
				CLANG_WARN_OBJC_LITERAL_CONVERSION = YES;
				CLANG_WARN_OBJC_ROOT_CLASS = YES_ERROR;
				CLANG_WARN_RANGE_LOOP_ANALYSIS = YES;
				CLANG_WARN_STRICT_PROTOTYPES = YES;
				CLANG_WARN_SUSPICIOUS_MOVE = YES;
				CLANG_WARN_UNGUARDED_AVAILABILITY = YES_AGGRESSIVE;
				CLANG_WARN_UNREACHABLE_CODE = YES;
				CLANG_WARN__DUPLICATE_METHOD_MATCH = YES;
				COPY_PHASE_STRIP = NO;
				DEBUG_INFORMATION_FORMAT = "dwarf-with-dsym";
				ENABLE_NS_ASSERTIONS = NO;
				ENABLE_STRICT_OBJC_MSGSEND = YES;
				GCC_C_LANGUAGE_STANDARD = gnu11;
				GCC_NO_COMMON_BLOCKS = YES;
				GCC_WARN_64_TO_32_BIT_CONVERSION = YES;
				GCC_WARN_ABOUT_RETURN_TYPE = YES_ERROR;
				GCC_WARN_UNDECLARED_SELECTOR = YES;
				GCC_WARN_UNINITIALIZED_AUTOS = YES_AGGRESSIVE;
				GCC_WARN_UNUSED_FUNCTION = YES;
				GCC_WARN_UNUSED_VARIABLE = YES;
				IPHONEOS_DEPLOYMENT_TARGET = 13.2;
				MTL_ENABLE_DEBUG_INFO = NO;
				MTL_FAST_MATH = YES;
				SDKROOT = iphoneos;
				SWIFT_COMPILATION_MODE = wholemodule;
				SWIFT_OPTIMIZATION_LEVEL = "-O";
				VALIDATE_PRODUCT = YES;
			};
			name = Release;
		};
		6EFBA3EA23FBF1D500FDB16F /* Debug */ = {
			isa = XCBuildConfiguration;
			buildSettings = {
				ASSETCATALOG_COMPILER_APPICON_NAME = AppIcon;
				CODE_SIGN_STYLE = Automatic;
				DEVELOPMENT_TEAM = MY4VA2FBQW;
				INFOPLIST_FILE = Move_screen_by_dragging/Info.plist;
				LD_RUNPATH_SEARCH_PATHS = (
					"$(inherited)",
					"@executable_path/Frameworks",
				);
				PRODUCT_BUNDLE_IDENTIFIER = "com.itsj.Move-screen-by-dragging";
				PRODUCT_NAME = "$(TARGET_NAME)";
				SWIFT_VERSION = 5.0;
				TARGETED_DEVICE_FAMILY = 1;
			};
			name = Debug;
		};
		6EFBA3EB23FBF1D500FDB16F /* Release */ = {
			isa = XCBuildConfiguration;
			buildSettings = {
				ASSETCATALOG_COMPILER_APPICON_NAME = AppIcon;
				CODE_SIGN_STYLE = Automatic;
				DEVELOPMENT_TEAM = MY4VA2FBQW;
				INFOPLIST_FILE = Move_screen_by_dragging/Info.plist;
				LD_RUNPATH_SEARCH_PATHS = (
					"$(inherited)",
					"@executable_path/Frameworks",
				);
				PRODUCT_BUNDLE_IDENTIFIER = "com.itsj.Move-screen-by-dragging";
				PRODUCT_NAME = "$(TARGET_NAME)";
				SWIFT_VERSION = 5.0;
				TARGETED_DEVICE_FAMILY = 1;
			};
			name = Release;
		};
/* End XCBuildConfiguration section */

/* Begin XCConfigurationList section */
		6EFBA3D023FBF1D300FDB16F /* Build configuration list for PBXProject "Move_screen_by_dragging" */ = {
			isa = XCConfigurationList;
			buildConfigurations = (
				6EFBA3E723FBF1D500FDB16F /* Debug */,
				6EFBA3E823FBF1D500FDB16F /* Release */,
			);
			defaultConfigurationIsVisible = 0;
			defaultConfigurationName = Release;
		};
		6EFBA3E923FBF1D500FDB16F /* Build configuration list for PBXNativeTarget "Move_screen_by_dragging" */ = {
			isa = XCConfigurationList;
			buildConfigurations = (
				6EFBA3EA23FBF1D500FDB16F /* Debug */,
				6EFBA3EB23FBF1D500FDB16F /* Release */,
			);
			defaultConfigurationIsVisible = 0;
			defaultConfigurationName = Release;
		};
/* End XCConfigurationList section */
	};
	rootObject = 6EFBA3CD23FBF1D300FDB16F /* Project object */;
}
