// !$*UTF8*$!
{
	archiveVersion = 1;
	classes = {
	};
	objectVersion = 50;
	objects = {

/* Begin PBXBuildFile section */
		6E1AA68D23FCCAA700FED2BF /* AppDelegate.swift in Sources */ = {isa = PBXBuildFile; fileRef = 6E1AA68C23FCCAA700FED2BF /* AppDelegate.swift */; };
		6E1AA68F23FCCAA700FED2BF /* SceneDelegate.swift in Sources */ = {isa = PBXBuildFile; fileRef = 6E1AA68E23FCCAA700FED2BF /* SceneDelegate.swift */; };
		6E1AA69123FCCAA700FED2BF /* ViewController.swift in Sources */ = {isa = PBXBuildFile; fileRef = 6E1AA69023FCCAA700FED2BF /* ViewController.swift */; };
		6E1AA69423FCCAA700FED2BF /* Main.storyboard in Resources */ = {isa = PBXBuildFile; fileRef = 6E1AA69223FCCAA700FED2BF /* Main.storyboard */; };
		6E1AA69623FCCAA800FED2BF /* Assets.xcassets in Resources */ = {isa = PBXBuildFile; fileRef = 6E1AA69523FCCAA800FED2BF /* Assets.xcassets */; };
		6E1AA69923FCCAA800FED2BF /* LaunchScreen.storyboard in Resources */ = {isa = PBXBuildFile; fileRef = 6E1AA69723FCCAA800FED2BF /* LaunchScreen.storyboard */; };
		6E1AA6A123FCCDDC00FED2BF /* RowControllerTableViewCell.swift in Sources */ = {isa = PBXBuildFile; fileRef = 6E1AA6A023FCCDDC00FED2BF /* RowControllerTableViewCell.swift */; };
		6E1AA6A523FD149A00FED2BF /* View2Controller.swift in Sources */ = {isa = PBXBuildFile; fileRef = 6E1AA6A423FD149A00FED2BF /* View2Controller.swift */; };
/* End PBXBuildFile section */

/* Begin PBXFileReference section */
		6E1AA68923FCCAA700FED2BF /* Demo_table_view.app */ = {isa = PBXFileReference; explicitFileType = wrapper.application; includeInIndex = 0; path = Demo_table_view.app; sourceTree = BUILT_PRODUCTS_DIR; };
		6E1AA68C23FCCAA700FED2BF /* AppDelegate.swift */ = {isa = PBXFileReference; lastKnownFileType = sourcecode.swift; path = AppDelegate.swift; sourceTree = "<group>"; };
		6E1AA68E23FCCAA700FED2BF /* SceneDelegate.swift */ = {isa = PBXFileReference; lastKnownFileType = sourcecode.swift; path = SceneDelegate.swift; sourceTree = "<group>"; };
		6E1AA69023FCCAA700FED2BF /* ViewController.swift */ = {isa = PBXFileReference; lastKnownFileType = sourcecode.swift; path = ViewController.swift; sourceTree = "<group>"; };
		6E1AA69323FCCAA700FED2BF /* Base */ = {isa = PBXFileReference; lastKnownFileType = file.storyboard; name = Base; path = Base.lproj/Main.storyboard; sourceTree = "<group>"; };
		6E1AA69523FCCAA800FED2BF /* Assets.xcassets */ = {isa = PBXFileReference; lastKnownFileType = folder.assetcatalog; path = Assets.xcassets; sourceTree = "<group>"; };
		6E1AA69823FCCAA800FED2BF /* Base */ = {isa = PBXFileReference; lastKnownFileType = file.storyboard; name = Base; path = Base.lproj/LaunchScreen.storyboard; sourceTree = "<group>"; };
		6E1AA69A23FCCAA800FED2BF /* Info.plist */ = {isa = PBXFileReference; lastKnownFileType = text.plist.xml; path = Info.plist; sourceTree = "<group>"; };
		6E1AA6A023FCCDDC00FED2BF /* RowControllerTableViewCell.swift */ = {isa = PBXFileReference; lastKnownFileType = sourcecode.swift; path = RowControllerTableViewCell.swift; sourceTree = "<group>"; };
		6E1AA6A423FD149A00FED2BF /* View2Controller.swift */ = {isa = PBXFileReference; lastKnownFileType = sourcecode.swift; path = View2Controller.swift; sourceTree = "<group>"; };
/* End PBXFileReference section */

/* Begin PBXFrameworksBuildPhase section */
		6E1AA68623FCCAA700FED2BF /* Frameworks */ = {
			isa = PBXFrameworksBuildPhase;
			buildActionMask = 2147483647;
			files = (
			);
			runOnlyForDeploymentPostprocessing = 0;
		};
/* End PBXFrameworksBuildPhase section */

/* Begin PBXGroup section */
		6E1AA68023FCCAA700FED2BF = {
			isa = PBXGroup;
			children = (
				6E1AA68B23FCCAA700FED2BF /* Demo_table_view */,
				6E1AA68A23FCCAA700FED2BF /* Products */,
			);
			sourceTree = "<group>";
		};
		6E1AA68A23FCCAA700FED2BF /* Products */ = {
			isa = PBXGroup;
			children = (
				6E1AA68923FCCAA700FED2BF /* Demo_table_view.app */,
			);
			name = Products;
			sourceTree = "<group>";
		};
		6E1AA68B23FCCAA700FED2BF /* Demo_table_view */ = {
			isa = PBXGroup;
			children = (
				6E1AA68C23FCCAA700FED2BF /* AppDelegate.swift */,
				6E1AA68E23FCCAA700FED2BF /* SceneDelegate.swift */,
				6E1AA69023FCCAA700FED2BF /* ViewController.swift */,
				6E1AA6A423FD149A00FED2BF /* View2Controller.swift */,
				6E1AA69223FCCAA700FED2BF /* Main.storyboard */,
				6E1AA6A023FCCDDC00FED2BF /* RowControllerTableViewCell.swift */,
				6E1AA69523FCCAA800FED2BF /* Assets.xcassets */,
				6E1AA69723FCCAA800FED2BF /* LaunchScreen.storyboard */,
				6E1AA69A23FCCAA800FED2BF /* Info.plist */,
			);
			path = Demo_table_view;
			sourceTree = "<group>";
		};
/* End PBXGroup section */

/* Begin PBXNativeTarget section */
		6E1AA68823FCCAA700FED2BF /* Demo_table_view */ = {
			isa = PBXNativeTarget;
			buildConfigurationList = 6E1AA69D23FCCAA800FED2BF /* Build configuration list for PBXNativeTarget "Demo_table_view" */;
			buildPhases = (
				6E1AA68523FCCAA700FED2BF /* Sources */,
				6E1AA68623FCCAA700FED2BF /* Frameworks */,
				6E1AA68723FCCAA700FED2BF /* Resources */,
			);
			buildRules = (
			);
			dependencies = (
			);
			name = Demo_table_view;
			productName = Demo_table_view;
			productReference = 6E1AA68923FCCAA700FED2BF /* Demo_table_view.app */;
			productType = "com.apple.product-type.application";
		};
/* End PBXNativeTarget section */

/* Begin PBXProject section */
		6E1AA68123FCCAA700FED2BF /* Project object */ = {
			isa = PBXProject;
			attributes = {
				LastSwiftUpdateCheck = 1130;
				LastUpgradeCheck = 1130;
				ORGANIZATIONNAME = "Khoa Nguyen";
				TargetAttributes = {
					6E1AA68823FCCAA700FED2BF = {
						CreatedOnToolsVersion = 11.3.1;
					};
				};
			};
			buildConfigurationList = 6E1AA68423FCCAA700FED2BF /* Build configuration list for PBXProject "Demo_table_view" */;
			compatibilityVersion = "Xcode 9.3";
			developmentRegion = en;
			hasScannedForEncodings = 0;
			knownRegions = (
				en,
				Base,
			);
			mainGroup = 6E1AA68023FCCAA700FED2BF;
			productRefGroup = 6E1AA68A23FCCAA700FED2BF /* Products */;
			projectDirPath = "";
			projectRoot = "";
			targets = (
				6E1AA68823FCCAA700FED2BF /* Demo_table_view */,
			);
		};
/* End PBXProject section */

/* Begin PBXResourcesBuildPhase section */
		6E1AA68723FCCAA700FED2BF /* Resources */ = {
			isa = PBXResourcesBuildPhase;
			buildActionMask = 2147483647;
			files = (
				6E1AA69923FCCAA800FED2BF /* LaunchScreen.storyboard in Resources */,
				6E1AA69623FCCAA800FED2BF /* Assets.xcassets in Resources */,
				6E1AA69423FCCAA700FED2BF /* Main.storyboard in Resources */,
			);
			runOnlyForDeploymentPostprocessing = 0;
		};
/* End PBXResourcesBuildPhase section */

/* Begin PBXSourcesBuildPhase section */
		6E1AA68523FCCAA700FED2BF /* Sources */ = {
			isa = PBXSourcesBuildPhase;
			buildActionMask = 2147483647;
			files = (
				6E1AA6A123FCCDDC00FED2BF /* RowControllerTableViewCell.swift in Sources */,
				6E1AA6A523FD149A00FED2BF /* View2Controller.swift in Sources */,
				6E1AA69123FCCAA700FED2BF /* ViewController.swift in Sources */,
				6E1AA68D23FCCAA700FED2BF /* AppDelegate.swift in Sources */,
				6E1AA68F23FCCAA700FED2BF /* SceneDelegate.swift in Sources */,
			);
			runOnlyForDeploymentPostprocessing = 0;
		};
/* End PBXSourcesBuildPhase section */

/* Begin PBXVariantGroup section */
		6E1AA69223FCCAA700FED2BF /* Main.storyboard */ = {
			isa = PBXVariantGroup;
			children = (
				6E1AA69323FCCAA700FED2BF /* Base */,
			);
			name = Main.storyboard;
			sourceTree = "<group>";
		};
		6E1AA69723FCCAA800FED2BF /* LaunchScreen.storyboard */ = {
			isa = PBXVariantGroup;
			children = (
				6E1AA69823FCCAA800FED2BF /* Base */,
			);
			name = LaunchScreen.storyboard;
			sourceTree = "<group>";
		};
/* End PBXVariantGroup section */

/* Begin XCBuildConfiguration section */
		6E1AA69B23FCCAA800FED2BF /* Debug */ = {
			isa = XCBuildConfiguration;
			buildSettings = {
				ALWAYS_SEARCH_USER_PATHS = NO;
				CLANG_ANALYZER_NONNULL = YES;
				CLANG_ANALYZER_NUMBER_OBJECT_CONVERSION = YES_AGGRESSIVE;
				CLANG_CXX_LANGUAGE_STANDARD = "gnu++14";
				CLANG_CXX_LIBRARY = "libc++";
				CLANG_ENABLE_MODULES = YES;
				CLANG_ENABLE_OBJC_ARC = YES;
				CLANG_ENABLE_OBJC_WEAK = YES;
				CLANG_WARN_BLOCK_CAPTURE_AUTORELEASING = YES;
				CLANG_WARN_BOOL_CONVERSION = YES;
				CLANG_WARN_COMMA = YES;
				CLANG_WARN_CONSTANT_CONVERSION = YES;
				CLANG_WARN_DEPRECATED_OBJC_IMPLEMENTATIONS = YES;
				CLANG_WARN_DIRECT_OBJC_ISA_USAGE = YES_ERROR;
				CLANG_WARN_DOCUMENTATION_COMMENTS = YES;
				CLANG_WARN_EMPTY_BODY = YES;
				CLANG_WARN_ENUM_CONVERSION = YES;
				CLANG_WARN_INFINITE_RECURSION = YES;
				CLANG_WARN_INT_CONVERSION = YES;
				CLANG_WARN_NON_LITERAL_NULL_CONVERSION = YES;
				CLANG_WARN_OBJC_IMPLICIT_RETAIN_SELF = YES;
				CLANG_WARN_OBJC_LITERAL_CONVERSION = YES;
				CLANG_WARN_OBJC_ROOT_CLASS = YES_ERROR;
				CLANG_WARN_RANGE_LOOP_ANALYSIS = YES;
				CLANG_WARN_STRICT_PROTOTYPES = YES;
				CLANG_WARN_SUSPICIOUS_MOVE = YES;
				CLANG_WARN_UNGUARDED_AVAILABILITY = YES_AGGRESSIVE;
				CLANG_WARN_UNREACHABLE_CODE = YES;
				CLANG_WARN__DUPLICATE_METHOD_MATCH = YES;
				COPY_PHASE_STRIP = NO;
				DEBUG_INFORMATION_FORMAT = dwarf;
				ENABLE_STRICT_OBJC_MSGSEND = YES;
				ENABLE_TESTABILITY = YES;
				GCC_C_LANGUAGE_STANDARD = gnu11;
				GCC_DYNAMIC_NO_PIC = NO;
				GCC_NO_COMMON_BLOCKS = YES;
				GCC_OPTIMIZATION_LEVEL = 0;
				GCC_PREPROCESSOR_DEFINITIONS = (
					"DEBUG=1",
					"$(inherited)",
				);
				GCC_WARN_64_TO_32_BIT_CONVERSION = YES;
				GCC_WARN_ABOUT_RETURN_TYPE = YES_ERROR;
				GCC_WARN_UNDECLARED_SELECTOR = YES;
				GCC_WARN_UNINITIALIZED_AUTOS = YES_AGGRESSIVE;
				GCC_WARN_UNUSED_FUNCTION = YES;
				GCC_WARN_UNUSED_VARIABLE = YES;
				IPHONEOS_DEPLOYMENT_TARGET = 13.2;
				MTL_ENABLE_DEBUG_INFO = INCLUDE_SOURCE;
				MTL_FAST_MATH = YES;
				ONLY_ACTIVE_ARCH = YES;
				SDKROOT = iphoneos;
				SWIFT_ACTIVE_COMPILATION_CONDITIONS = DEBUG;
				SWIFT_OPTIMIZATION_LEVEL = "-Onone";
			};
			name = Debug;
		};
		6E1AA69C23FCCAA800FED2BF /* Release */ = {
			isa = XCBuildConfiguration;
			buildSettings = {
				ALWAYS_SEARCH_USER_PATHS = NO;
				CLANG_ANALYZER_NONNULL = YES;
				CLANG_ANALYZER_NUMBER_OBJECT_CONVERSION = YES_AGGRESSIVE;
				CLANG_CXX_LANGUAGE_STANDARD = "gnu++14";
				CLANG_CXX_LIBRARY = "libc++";
				CLANG_ENABLE_MODULES = YES;
				CLANG_ENABLE_OBJC_ARC = YES;
				CLANG_ENABLE_OBJC_WEAK = YES;
				CLANG_WARN_BLOCK_CAPTURE_AUTORELEASING = YES;
				CLANG_WARN_BOOL_CONVERSION = YES;
				CLANG_WARN_COMMA = YES;
				CLANG_WARN_CONSTANT_CONVERSION = YES;
				CLANG_WARN_DEPRECATED_OBJC_IMPLEMENTATIONS = YES;
				CLANG_WARN_DIRECT_OBJC_ISA_USAGE = YES_ERROR;
				CLANG_WARN_DOCUMENTATION_COMMENTS = YES;
				CLANG_WARN_EMPTY_BODY = YES;
				CLANG_WARN_ENUM_CONVERSION = YES;
				CLANG_WARN_INFINITE_RECURSION = YES;
				CLANG_WARN_INT_CONVERSION = YES;
				CLANG_WARN_NON_LITERAL_NULL_CONVERSION = YES;
				CLANG_WARN_OBJC_IMPLICIT_RETAIN_SELF = YES;
				CLANG_WARN_OBJC_LITERAL_CONVERSION = YES;
				CLANG_WARN_OBJC_ROOT_CLASS = YES_ERROR;
				CLANG_WARN_RANGE_LOOP_ANALYSIS = YES;
				CLANG_WARN_STRICT_PROTOTYPES = YES;
				CLANG_WARN_SUSPICIOUS_MOVE = YES;
				CLANG_WARN_UNGUARDED_AVAILABILITY = YES_AGGRESSIVE;
				CLANG_WARN_UNREACHABLE_CODE = YES;
				CLANG_WARN__DUPLICATE_METHOD_MATCH = YES;
				COPY_PHASE_STRIP = NO;
				DEBUG_INFORMATION_FORMAT = "dwarf-with-dsym";
				ENABLE_NS_ASSERTIONS = NO;
				ENABLE_STRICT_OBJC_MSGSEND = YES;
				GCC_C_LANGUAGE_STANDARD = gnu11;
				GCC_NO_COMMON_BLOCKS = YES;
				GCC_WARN_64_TO_32_BIT_CONVERSION = YES;
				GCC_WARN_ABOUT_RETURN_TYPE = YES_ERROR;
				GCC_WARN_UNDECLARED_SELECTOR = YES;
				GCC_WARN_UNINITIALIZED_AUTOS = YES_AGGRESSIVE;
				GCC_WARN_UNUSED_FUNCTION = YES;
				GCC_WARN_UNUSED_VARIABLE = YES;
				IPHONEOS_DEPLOYMENT_TARGET = 13.2;
				MTL_ENABLE_DEBUG_INFO = NO;
				MTL_FAST_MATH = YES;
				SDKROOT = iphoneos;
				SWIFT_COMPILATION_MODE = wholemodule;
				SWIFT_OPTIMIZATION_LEVEL = "-O";
				VALIDATE_PRODUCT = YES;
			};
			name = Release;
		};
		6E1AA69E23FCCAA800FED2BF /* Debug */ = {
			isa = XCBuildConfiguration;
			buildSettings = {
				ASSETCATALOG_COMPILER_APPICON_NAME = AppIcon;
				CODE_SIGN_STYLE = Automatic;
				DEVELOPMENT_TEAM = MY4VA2FBQW;
				INFOPLIST_FILE = Demo_table_view/Info.plist;
				LD_RUNPATH_SEARCH_PATHS = (
					"$(inherited)",
					"@executable_path/Frameworks",
				);
				PRODUCT_BUNDLE_IDENTIFIER = "com.itsj.Demo-table-view";
				PRODUCT_NAME = "$(TARGET_NAME)";
				SWIFT_VERSION = 5.0;
				TARGETED_DEVICE_FAMILY = 1;
			};
			name = Debug;
		};
		6E1AA69F23FCCAA800FED2BF /* Release */ = {
			isa = XCBuildConfiguration;
			buildSettings = {
				ASSETCATALOG_COMPILER_APPICON_NAME = AppIcon;
				CODE_SIGN_STYLE = Automatic;
				DEVELOPMENT_TEAM = MY4VA2FBQW;
				INFOPLIST_FILE = Demo_table_view/Info.plist;
				LD_RUNPATH_SEARCH_PATHS = (
					"$(inherited)",
					"@executable_path/Frameworks",
				);
				PRODUCT_BUNDLE_IDENTIFIER = "com.itsj.Demo-table-view";
				PRODUCT_NAME = "$(TARGET_NAME)";
				SWIFT_VERSION = 5.0;
				TARGETED_DEVICE_FAMILY = 1;
			};
			name = Release;
		};
/* End XCBuildConfiguration section */

/* Begin XCConfigurationList section */
		6E1AA68423FCCAA700FED2BF /* Build configuration list for PBXProject "Demo_table_view" */ = {
			isa = XCConfigurationList;
			buildConfigurations = (
				6E1AA69B23FCCAA800FED2BF /* Debug */,
				6E1AA69C23FCCAA800FED2BF /* Release */,
			);
			defaultConfigurationIsVisible = 0;
			defaultConfigurationName = Release;
		};
		6E1AA69D23FCCAA800FED2BF /* Build configuration list for PBXNativeTarget "Demo_table_view" */ = {
			isa = XCConfigurationList;
			buildConfigurations = (
				6E1AA69E23FCCAA800FED2BF /* Debug */,
				6E1AA69F23FCCAA800FED2BF /* Release */,
			);
			defaultConfigurationIsVisible = 0;
			defaultConfigurationName = Release;
		};
/* End XCConfigurationList section */
	};
	rootObject = 6E1AA68123FCCAA700FED2BF /* Project object */;
}
